<?xml version="1.0" encoding="utf-8"?>
<Project ToolsVersion="4.0" xmlns="http://schemas.microsoft.com/developer/msbuild/2003">
  <ItemGroup>
    <Filter Include="헤더 파일">
      <UniqueIdentifier>{93995380-89BD-4b04-88EB-625FBE52EBFB}</UniqueIdentifier>
      <Extensions>h;hh;hpp;hxx;h++;hm;inl;inc;ipp;xsd</Extensions>
    </Filter>
    <Filter Include="리소스 파일">
      <UniqueIdentifier>{67DA6AB6-F800-4c08-8B7A-83BB121AAD01}</UniqueIdentifier>
      <Extensions>rc;ico;cur;bmp;dlg;rc2;rct;bin;rgs;gif;jpg;jpeg;jpe;resx;tiff;tif;png;wav;mfcribbon-ms</Extensions>
    </Filter>
    <Filter Include="App">
      <UniqueIdentifier>{7966f049-6a6f-4755-8982-91de26816bc2}</UniqueIdentifier>
    </Filter>
    <Filter Include="Dx11Main">
      <UniqueIdentifier>{dbc999e4-84fd-41ad-be7e-08bca0d45eee}</UniqueIdentifier>
    </Filter>
    <Filter Include="Utill">
      <UniqueIdentifier>{bd2f311f-ba6c-4f45-a21a-ac8cec09e5b2}</UniqueIdentifier>
    </Filter>
    <Filter Include="Utill\BT">
      <UniqueIdentifier>{c114c291-5ed0-48e5-8886-2d770a7c424e}</UniqueIdentifier>
    </Filter>
    <Filter Include="Manager">
      <UniqueIdentifier>{086e457e-5e4e-4007-9861-dc1d5f8a73d7}</UniqueIdentifier>
    </Filter>
    <Filter Include="Manager\InputManager">
      <UniqueIdentifier>{c6dc9f79-ddd1-48ae-bd6f-898034edd4ad}</UniqueIdentifier>
    </Filter>
    <Filter Include="MD">
      <UniqueIdentifier>{c2a723ce-99f1-49c0-82bf-f2f7a9dafbb8}</UniqueIdentifier>
    </Filter>
    <Filter Include="Window">
      <UniqueIdentifier>{1e1443b4-3acb-4b35-9d82-37003d91fcfd}</UniqueIdentifier>
    </Filter>
    <Filter Include="Settings">
      <UniqueIdentifier>{49f90f66-26a3-4618-b623-e48586cb8a6b}</UniqueIdentifier>
    </Filter>
    <Filter Include="Window\RenderPassWindow">
      <UniqueIdentifier>{35c19878-b2e3-423c-b393-a6a41fe84247}</UniqueIdentifier>
    </Filter>
    <Filter Include="Window\SceneViewWindow">
      <UniqueIdentifier>{44d730b7-a2d9-489d-ba42-b7411a5e71a6}</UniqueIdentifier>
    </Filter>
    <Filter Include="Window\MenuBarWindow">
      <UniqueIdentifier>{989f5e39-8d93-418d-8b1c-93b7de678b50}</UniqueIdentifier>
    </Filter>
    <Filter Include="Window\GameViewWindow">
      <UniqueIdentifier>{2d95cbbe-f8c2-45a7-84ee-f5d8c1dac627}</UniqueIdentifier>
    </Filter>
    <Filter Include="Window\Settings">
      <UniqueIdentifier>{4add73c3-841a-4e38-b254-398828c393e4}</UniqueIdentifier>
    </Filter>
    <Filter Include="Window\InspectorWindow">
      <UniqueIdentifier>{c181b115-61df-489b-8589-9358dd5ee89d}</UniqueIdentifier>
    </Filter>
    <Filter Include="Window\HierarchyWindow">
      <UniqueIdentifier>{4431d1fe-ea29-4cc3-9d62-dbf6cb957ff8}</UniqueIdentifier>
    </Filter>
    <Filter Include="Window\ProjectCachedResourcesWindow">
      <UniqueIdentifier>{968d8d4d-06d4-4c33-aee1-6d89ba6e8960}</UniqueIdentifier>
    </Filter>
  </ItemGroup>
  <ItemGroup>
    <ClInclude Include="EngineGUIWindow\GameViewWindow.h">
      <Filter>Window\GameViewWindow</Filter>
    </ClInclude>
    <ClInclude Include="EngineGUIWindow\MenuBarWindow.h">
      <Filter>Window\MenuBarWindow</Filter>
    </ClInclude>
    <ClInclude Include="EngineGUIWindow\RenderPassWindow.h">
      <Filter>Window\RenderPassWindow</Filter>
    </ClInclude>
    <ClInclude Include="EngineGUIWindow\SceneViewWindow.h">
      <Filter>Window\SceneViewWindow</Filter>
    </ClInclude>
    <ClInclude Include="EngineGUIWindow\SettingsWindow.h">
      <Filter>Window\Settings</Filter>
    </ClInclude>
    <ClInclude Include="EngineGUIWindow\HierarchyWindow.h">
      <Filter>Window\HierarchyWindow</Filter>
    </ClInclude>
    <ClInclude Include="EngineGUIWindow\InspectorWindow.h">
      <Filter>Window\InspectorWindow</Filter>
    </ClInclude>
    <ClInclude Include="EngineEntry\BT_Editor.h">
      <Filter>Utill\BT</Filter>
    </ClInclude>
    <ClInclude Include="EngineEntry\BehaviorTree.h">
      <Filter>Utill\BT</Filter>
    </ClInclude>
    <ClInclude Include="EngineEntry\App.h">
      <Filter>App</Filter>
    </ClInclude>
    <ClInclude Include="EngineEntry\Dx11Main.h">
      <Filter>Dx11Main</Filter>
    </ClInclude>
    <ClInclude Include="EngineEntry\KeyState.h">
      <Filter>Manager\InputManager</Filter>
    </ClInclude>
    <ClInclude Include="EngineEntry\InputManager.h">
      <Filter>Manager\InputManager</Filter>
    </ClInclude>
    <ClInclude Include="EngineEntry\ProjectSetting.h">
      <Filter>Settings</Filter>
    </ClInclude>
    <ClInclude Include="EngineEntry\EngineSetting.h">
      <Filter>Settings</Filter>
    </ClInclude>
    <ClInclude Include="EngineEntry\EngineVersion.h">
      <Filter>Settings</Filter>
    </ClInclude>
    <ClInclude Include="EngineEntry\Resource.h">
      <Filter>헤더 파일</Filter>
    </ClInclude>
    <ClInclude Include="EngineEntry\targetver.h">
      <Filter>헤더 파일</Filter>
    </ClInclude>
    <ClInclude Include="EngineEntry\framework.h">
      <Filter>헤더 파일</Filter>
    </ClInclude>
  </ItemGroup>
  <ItemGroup>
    <None Include="Prefab.md">
      <Filter>MD</Filter>
    </None>
    <None Include="README.md">
      <Filter>MD</Filter>
    </None>
  </ItemGroup>
  <ItemGroup>
    <ClCompile Include="EngineGUIWindow\GameViewWindow.cpp">
      <Filter>Window\GameViewWindow</Filter>
    </ClCompile>
    <ClCompile Include="EngineGUIWindow\MenuBarWindow.cpp">
      <Filter>Window\MenuBarWindow</Filter>
    </ClCompile>
    <ClCompile Include="EngineGUIWindow\RenderPassWindow.cpp">
      <Filter>Window\RenderPassWindow</Filter>
    </ClCompile>
    <ClCompile Include="EngineGUIWindow\SceneViewWindow.cpp">
      <Filter>Window\SceneViewWindow</Filter>
    </ClCompile>
    <ClCompile Include="EngineEntry\BehaviorTree.cpp">
      <Filter>Utill\BT</Filter>
    </ClCompile>
    <ClCompile Include="EngineEntry\BT_Editor.cpp">
      <Filter>Utill\BT</Filter>
    </ClCompile>
    <ClCompile Include="EngineEntry\App.cpp">
      <Filter>App</Filter>
    </ClCompile>
    <ClCompile Include="EngineEntry\Dx11Main.cpp">
      <Filter>Dx11Main</Filter>
    </ClCompile>
    <ClCompile Include="EngineEntry\InputManager.cpp">
      <Filter>Manager\InputManager</Filter>
    </ClCompile>
    <ClCompile Include="EngineEntry\KeyState.cpp">
      <Filter>Manager\InputManager</Filter>
    </ClCompile>
    <ClCompile Include="EngineGUIWindow\HierarchyWindow.cpp">
      <Filter>Window\HierarchyWindow</Filter>
    </ClCompile>
    <ClCompile Include="EngineGUIWindow\InspectorWindow.cpp">
      <Filter>Window\InspectorWindow</Filter>
    </ClCompile>
  </ItemGroup>
  <ItemGroup>
    <ResourceCompile Include="EngineEntry\Academy_4Q.rc">
      <Filter>리소스 파일</Filter>
    </ResourceCompile>
  </ItemGroup>
  <ItemGroup>
    <Image Include="EngineEntry\small.ico">
      <Filter>리소스 파일</Filter>
    </Image>
    <Image Include="EngineEntry\Academy_4Q.ico">
      <Filter>리소스 파일</Filter>
    </Image>
  </ItemGroup>
</Project>