
Microsoft Visual Studio Solution File, Format Version 12.00
# Visual Studio Version 17
VisualStudioVersion = 17.12.35521.163
MinimumVisualStudioVersion = 10.0.40219.1
Project("{8BC9CEB8-8B4A-11D0-8D11-00A0C91BC942}") = "Academy_4Q", "Academy_4Q.vcxproj", "{6B06C95B-FEDC-45BF-A2EA-095122E18E8B}"
	ProjectSection(ProjectDependencies) = postProject
		{E9EFBB7D-DAF8-4744-A147-646C2EF38DEF} = {E9EFBB7D-DAF8-4744-A147-646C2EF38DEF}
	EndProjectSection
EndProject
Project("{8BC9CEB8-8B4A-11D0-8D11-00A0C91BC942}") = "Utility_Framework", "Utility_Framework\Utility_Framework.vcxproj", "{9CEC19F4-03B4-4563-8D42-6E4BFB0059BB}"
EndProject
Project("{8BC9CEB8-8B4A-11D0-8D11-00A0C91BC942}") = "RenderEngine", "RenderEngine\RenderEngine.vcxproj", "{E9EFBB7D-DAF8-4744-A147-646C2EF38DEF}"
EndProject
Project("{8BC9CEB8-8B4A-11D0-8D11-00A0C91BC942}") = "Physics", "Physics\Physics.vcxproj", "{2584186C-912C-4E2F-A8A3-F79A22591BCA}"
EndProject
Project("{8BC9CEB8-8B4A-11D0-8D11-00A0C91BC942}") = "ScriptBinder", "ScriptBinder\ScriptBinder.vcxproj", "{4D36AF4E-3AA3-4FB5-B462-F66AE13EF959}"
	ProjectSection(ProjectDependencies) = postProject
		{2584186C-912C-4E2F-A8A3-F79A22591BCA} = {2584186C-912C-4E2F-A8A3-F79A22591BCA}
	EndProjectSection
EndProject
Project("{8BC9CEB8-8B4A-11D0-8D11-00A0C91BC942}") = "ImGuiHelper", "ImGuiHelper\ImGuiHelper.vcxproj", "{81FF579E-DEF8-47FC-B8C6-1AD59E98494C}"
EndProject
Project("{8BC9CEB8-8B4A-11D0-8D11-00A0C91BC942}") = "HostImGuiPresentation", "HostImGuiPresentation\HostImGuiPresentation.vcxproj", "{D4C2A7F1-8E6B-4B3D-9F21-5A0C47E6B8D2}"
EndProject
Project("{8BC9CEB8-8B4A-11D0-8D11-00A0C91BC942}") = "RenderTests", "RenderTests\RenderTests.vcxproj", "{A9B31C84-52EF-47D6-8B02-C17E94A3F560}"
EndProject
Project("{8BC9CEB8-8B4A-11D0-8D11-00A0C91BC942}") = "EditorRender", "EditorRender\EditorRender.vcxproj", "{B6F04D2E-91A7-4C85-BD13-7E28C5A9F041}"
EndProject
Project("{8BC9CEB8-8B4A-11D0-8D11-00A0C91BC942}") = "Player", "Player\Player.vcxproj", "{8F3C2D71-9B4E-4A65-B1D0-6E5A82C4F917}"
EndProject
Project("{8BC9CEB8-8B4A-11D0-8D11-00A0C91BC942}") = "AssetPacker", "Tools\AssetPacker\AssetPacker.vcxproj", "{B85A7120-53E6-4C7C-A4A8-2FD9F6BE3188}"
EndProject
Global
	GlobalSection(SolutionConfigurationPlatforms) = preSolution
		Debug|Any CPU = Debug|Any CPU
		Debug|x64 = Debug|x64
		Debug|x86 = Debug|x86
		Release|Any CPU = Release|Any CPU
		Release|x64 = Release|x64
		Release|x86 = Release|x86
	EndGlobalSection
	GlobalSection(ProjectConfigurationPlatforms) = postSolution
		{6B06C95B-FEDC-45BF-A2EA-095122E18E8B}.Debug|Any CPU.ActiveCfg = Debug|x64
		{6B06C95B-FEDC-45BF-A2EA-095122E18E8B}.Debug|Any CPU.Build.0 = Debug|x64
		{6B06C95B-FEDC-45BF-A2EA-095122E18E8B}.Debug|x64.ActiveCfg = Debug|x64
		{6B06C95B-FEDC-45BF-A2EA-095122E18E8B}.Debug|x64.Build.0 = Debug|x64
		{6B06C95B-FEDC-45BF-A2EA-095122E18E8B}.Debug|x86.ActiveCfg = Debug|Win32
		{6B06C95B-FEDC-45BF-A2EA-095122E18E8B}.Debug|x86.Build.0 = Debug|Win32
		{6B06C95B-FEDC-45BF-A2EA-095122E18E8B}.Release|Any CPU.ActiveCfg = Release|x64
		{6B06C95B-FEDC-45BF-A2EA-095122E18E8B}.Release|Any CPU.Build.0 = Release|x64
		{6B06C95B-FEDC-45BF-A2EA-095122E18E8B}.Release|x64.ActiveCfg = Release|x64
		{6B06C95B-FEDC-45BF-A2EA-095122E18E8B}.Release|x64.Build.0 = Release|x64
		{6B06C95B-FEDC-45BF-A2EA-095122E18E8B}.Release|x86.ActiveCfg = Release|Win32
		{6B06C95B-FEDC-45BF-A2EA-095122E18E8B}.Release|x86.Build.0 = Release|Win32
		{9CEC19F4-03B4-4563-8D42-6E4BFB0059BB}.Debug|Any CPU.ActiveCfg = Debug|x64
		{9CEC19F4-03B4-4563-8D42-6E4BFB0059BB}.Debug|Any CPU.Build.0 = Debug|x64
		{9CEC19F4-03B4-4563-8D42-6E4BFB0059BB}.Debug|x64.ActiveCfg = Debug|x64
		{9CEC19F4-03B4-4563-8D42-6E4BFB0059BB}.Debug|x64.Build.0 = Debug|x64
		{9CEC19F4-03B4-4563-8D42-6E4BFB0059BB}.Debug|x86.ActiveCfg = Debug|Win32
		{9CEC19F4-03B4-4563-8D42-6E4BFB0059BB}.Debug|x86.Build.0 = Debug|Win32
		{9CEC19F4-03B4-4563-8D42-6E4BFB0059BB}.Release|Any CPU.ActiveCfg = Release|x64
		{9CEC19F4-03B4-4563-8D42-6E4BFB0059BB}.Release|Any CPU.Build.0 = Release|x64
		{9CEC19F4-03B4-4563-8D42-6E4BFB0059BB}.Release|x64.ActiveCfg = Release|x64
		{9CEC19F4-03B4-4563-8D42-6E4BFB0059BB}.Release|x64.Build.0 = Release|x64
		{9CEC19F4-03B4-4563-8D42-6E4BFB0059BB}.Release|x86.ActiveCfg = Release|Win32
		{9CEC19F4-03B4-4563-8D42-6E4BFB0059BB}.Release|x86.Build.0 = Release|Win32
		{E9EFBB7D-DAF8-4744-A147-646C2EF38DEF}.Debug|Any CPU.ActiveCfg = Debug|x64
		{E9EFBB7D-DAF8-4744-A147-646C2EF38DEF}.Debug|Any CPU.Build.0 = Debug|x64
		{E9EFBB7D-DAF8-4744-A147-646C2EF38DEF}.Debug|x64.ActiveCfg = Debug|x64
		{E9EFBB7D-DAF8-4744-A147-646C2EF38DEF}.Debug|x64.Build.0 = Debug|x64
		{E9EFBB7D-DAF8-4744-A147-646C2EF38DEF}.Debug|x86.ActiveCfg = Debug|Win32
		{E9EFBB7D-DAF8-4744-A147-646C2EF38DEF}.Debug|x86.Build.0 = Debug|Win32
		{E9EFBB7D-DAF8-4744-A147-646C2EF38DEF}.Release|Any CPU.ActiveCfg = Release|x64
		{E9EFBB7D-DAF8-4744-A147-646C2EF38DEF}.Release|Any CPU.Build.0 = Release|x64
		{E9EFBB7D-DAF8-4744-A147-646C2EF38DEF}.Release|x64.ActiveCfg = Release|x64
		{E9EFBB7D-DAF8-4744-A147-646C2EF38DEF}.Release|x64.Build.0 = Release|x64
		{E9EFBB7D-DAF8-4744-A147-646C2EF38DEF}.Release|x86.ActiveCfg = Release|Win32
		{E9EFBB7D-DAF8-4744-A147-646C2EF38DEF}.Release|x86.Build.0 = Release|Win32
		{2584186C-912C-4E2F-A8A3-F79A22591BCA}.Debug|Any CPU.ActiveCfg = Debug|x64
		{2584186C-912C-4E2F-A8A3-F79A22591BCA}.Debug|Any CPU.Build.0 = Debug|x64
		{2584186C-912C-4E2F-A8A3-F79A22591BCA}.Debug|x64.ActiveCfg = Debug|x64
		{2584186C-912C-4E2F-A8A3-F79A22591BCA}.Debug|x64.Build.0 = Debug|x64
		{2584186C-912C-4E2F-A8A3-F79A22591BCA}.Debug|x86.ActiveCfg = Debug|Win32
		{2584186C-912C-4E2F-A8A3-F79A22591BCA}.Debug|x86.Build.0 = Debug|Win32
		{2584186C-912C-4E2F-A8A3-F79A22591BCA}.Release|Any CPU.ActiveCfg = Release|x64
		{2584186C-912C-4E2F-A8A3-F79A22591BCA}.Release|Any CPU.Build.0 = Release|x64
		{2584186C-912C-4E2F-A8A3-F79A22591BCA}.Release|x64.ActiveCfg = Release|x64
		{2584186C-912C-4E2F-A8A3-F79A22591BCA}.Release|x64.Build.0 = Release|x64
		{2584186C-912C-4E2F-A8A3-F79A22591BCA}.Release|x86.ActiveCfg = Release|Win32
		{2584186C-912C-4E2F-A8A3-F79A22591BCA}.Release|x86.Build.0 = Release|Win32
		{4D36AF4E-3AA3-4FB5-B462-F66AE13EF959}.Debug|Any CPU.ActiveCfg = Debug|x64
		{4D36AF4E-3AA3-4FB5-B462-F66AE13EF959}.Debug|Any CPU.Build.0 = Debug|x64
		{4D36AF4E-3AA3-4FB5-B462-F66AE13EF959}.Debug|x64.ActiveCfg = Debug|x64
		{4D36AF4E-3AA3-4FB5-B462-F66AE13EF959}.Debug|x64.Build.0 = Debug|x64
		{4D36AF4E-3AA3-4FB5-B462-F66AE13EF959}.Debug|x86.ActiveCfg = Debug|Win32
		{4D36AF4E-3AA3-4FB5-B462-F66AE13EF959}.Debug|x86.Build.0 = Debug|Win32
		{4D36AF4E-3AA3-4FB5-B462-F66AE13EF959}.Release|Any CPU.ActiveCfg = Release|x64
		{4D36AF4E-3AA3-4FB5-B462-F66AE13EF959}.Release|Any CPU.Build.0 = Release|x64
		{4D36AF4E-3AA3-4FB5-B462-F66AE13EF959}.Release|x64.ActiveCfg = Release|x64
		{4D36AF4E-3AA3-4FB5-B462-F66AE13EF959}.Release|x64.Build.0 = Release|x64
		{4D36AF4E-3AA3-4FB5-B462-F66AE13EF959}.Release|x86.ActiveCfg = Release|Win32
		{4D36AF4E-3AA3-4FB5-B462-F66AE13EF959}.Release|x86.Build.0 = Release|Win32
		{81FF579E-DEF8-47FC-B8C6-1AD59E98494C}.Debug|Any CPU.ActiveCfg = Debug|x64
		{81FF579E-DEF8-47FC-B8C6-1AD59E98494C}.Debug|Any CPU.Build.0 = Debug|x64
		{81FF579E-DEF8-47FC-B8C6-1AD59E98494C}.Debug|x64.ActiveCfg = Debug|x64
		{81FF579E-DEF8-47FC-B8C6-1AD59E98494C}.Debug|x64.Build.0 = Debug|x64
		{81FF579E-DEF8-47FC-B8C6-1AD59E98494C}.Debug|x86.ActiveCfg = Debug|Win32
		{81FF579E-DEF8-47FC-B8C6-1AD59E98494C}.Debug|x86.Build.0 = Debug|Win32
		{81FF579E-DEF8-47FC-B8C6-1AD59E98494C}.Release|Any CPU.ActiveCfg = Release|x64
		{81FF579E-DEF8-47FC-B8C6-1AD59E98494C}.Release|Any CPU.Build.0 = Release|x64
		{81FF579E-DEF8-47FC-B8C6-1AD59E98494C}.Release|x64.ActiveCfg = Release|x64
		{81FF579E-DEF8-47FC-B8C6-1AD59E98494C}.Release|x64.Build.0 = Release|x64
		{81FF579E-DEF8-47FC-B8C6-1AD59E98494C}.Release|x86.ActiveCfg = Release|Win32
		{81FF579E-DEF8-47FC-B8C6-1AD59E98494C}.Release|x86.Build.0 = Release|Win32
		{D4C2A7F1-8E6B-4B3D-9F21-5A0C47E6B8D2}.Debug|Any CPU.ActiveCfg = Debug|x64
		{D4C2A7F1-8E6B-4B3D-9F21-5A0C47E6B8D2}.Debug|Any CPU.Build.0 = Debug|x64
		{D4C2A7F1-8E6B-4B3D-9F21-5A0C47E6B8D2}.Debug|x64.ActiveCfg = Debug|x64
		{D4C2A7F1-8E6B-4B3D-9F21-5A0C47E6B8D2}.Debug|x64.Build.0 = Debug|x64
		{D4C2A7F1-8E6B-4B3D-9F21-5A0C47E6B8D2}.Debug|x86.ActiveCfg = Debug|Win32
		{D4C2A7F1-8E6B-4B3D-9F21-5A0C47E6B8D2}.Debug|x86.Build.0 = Debug|Win32
		{D4C2A7F1-8E6B-4B3D-9F21-5A0C47E6B8D2}.Release|Any CPU.ActiveCfg = Release|x64
		{D4C2A7F1-8E6B-4B3D-9F21-5A0C47E6B8D2}.Release|Any CPU.Build.0 = Release|x64
		{D4C2A7F1-8E6B-4B3D-9F21-5A0C47E6B8D2}.Release|x64.ActiveCfg = Release|x64
		{D4C2A7F1-8E6B-4B3D-9F21-5A0C47E6B8D2}.Release|x64.Build.0 = Release|x64
		{D4C2A7F1-8E6B-4B3D-9F21-5A0C47E6B8D2}.Release|x86.ActiveCfg = Release|Win32
		{D4C2A7F1-8E6B-4B3D-9F21-5A0C47E6B8D2}.Release|x86.Build.0 = Release|Win32
		{A9B31C84-52EF-47D6-8B02-C17E94A3F560}.Debug|Any CPU.ActiveCfg = Debug|x64
		{A9B31C84-52EF-47D6-8B02-C17E94A3F560}.Debug|Any CPU.Build.0 = Debug|x64
		{A9B31C84-52EF-47D6-8B02-C17E94A3F560}.Debug|x64.ActiveCfg = Debug|x64
		{A9B31C84-52EF-47D6-8B02-C17E94A3F560}.Debug|x64.Build.0 = Debug|x64
		{A9B31C84-52EF-47D6-8B02-C17E94A3F560}.Debug|x86.ActiveCfg = Debug|Win32
		{A9B31C84-52EF-47D6-8B02-C17E94A3F560}.Debug|x86.Build.0 = Debug|Win32
		{A9B31C84-52EF-47D6-8B02-C17E94A3F560}.Release|Any CPU.ActiveCfg = Release|x64
		{A9B31C84-52EF-47D6-8B02-C17E94A3F560}.Release|Any CPU.Build.0 = Release|x64
		{A9B31C84-52EF-47D6-8B02-C17E94A3F560}.Release|x64.ActiveCfg = Release|x64
		{A9B31C84-52EF-47D6-8B02-C17E94A3F560}.Release|x64.Build.0 = Release|x64
		{A9B31C84-52EF-47D6-8B02-C17E94A3F560}.Release|x86.ActiveCfg = Release|Win32
		{A9B31C84-52EF-47D6-8B02-C17E94A3F560}.Release|x86.Build.0 = Release|Win32
		{B6F04D2E-91A7-4C85-BD13-7E28C5A9F041}.Debug|Any CPU.ActiveCfg = Debug|x64
		{B6F04D2E-91A7-4C85-BD13-7E28C5A9F041}.Debug|Any CPU.Build.0 = Debug|x64
		{B6F04D2E-91A7-4C85-BD13-7E28C5A9F041}.Debug|x64.ActiveCfg = Debug|x64
		{B6F04D2E-91A7-4C85-BD13-7E28C5A9F041}.Debug|x64.Build.0 = Debug|x64
		{B6F04D2E-91A7-4C85-BD13-7E28C5A9F041}.Debug|x86.ActiveCfg = Debug|Win32
		{B6F04D2E-91A7-4C85-BD13-7E28C5A9F041}.Debug|x86.Build.0 = Debug|Win32
		{B6F04D2E-91A7-4C85-BD13-7E28C5A9F041}.Release|Any CPU.ActiveCfg = Release|x64
		{B6F04D2E-91A7-4C85-BD13-7E28C5A9F041}.Release|Any CPU.Build.0 = Release|x64
		{B6F04D2E-91A7-4C85-BD13-7E28C5A9F041}.Release|x64.ActiveCfg = Release|x64
		{B6F04D2E-91A7-4C85-BD13-7E28C5A9F041}.Release|x64.Build.0 = Release|x64
		{B6F04D2E-91A7-4C85-BD13-7E28C5A9F041}.Release|x86.ActiveCfg = Release|Win32
		{B6F04D2E-91A7-4C85-BD13-7E28C5A9F041}.Release|x86.Build.0 = Release|Win32
		{8F3C2D71-9B4E-4A65-B1D0-6E5A82C4F917}.Debug|Any CPU.ActiveCfg = Debug|x64
		{8F3C2D71-9B4E-4A65-B1D0-6E5A82C4F917}.Debug|Any CPU.Build.0 = Debug|x64
		{8F3C2D71-9B4E-4A65-B1D0-6E5A82C4F917}.Debug|x64.ActiveCfg = Debug|x64
		{8F3C2D71-9B4E-4A65-B1D0-6E5A82C4F917}.Debug|x64.Build.0 = Debug|x64
		{8F3C2D71-9B4E-4A65-B1D0-6E5A82C4F917}.Debug|x86.ActiveCfg = Debug|x64
		{8F3C2D71-9B4E-4A65-B1D0-6E5A82C4F917}.Release|Any CPU.ActiveCfg = Release|x64
		{8F3C2D71-9B4E-4A65-B1D0-6E5A82C4F917}.Release|Any CPU.Build.0 = Release|x64
		{8F3C2D71-9B4E-4A65-B1D0-6E5A82C4F917}.Release|x64.ActiveCfg = Release|x64
		{8F3C2D71-9B4E-4A65-B1D0-6E5A82C4F917}.Release|x64.Build.0 = Release|x64
		{8F3C2D71-9B4E-4A65-B1D0-6E5A82C4F917}.Release|x86.ActiveCfg = Release|x64
		{B85A7120-53E6-4C7C-A4A8-2FD9F6BE3188}.Debug|Any CPU.ActiveCfg = Debug|x64
		{B85A7120-53E6-4C7C-A4A8-2FD9F6BE3188}.Debug|Any CPU.Build.0 = Debug|x64
		{B85A7120-53E6-4C7C-A4A8-2FD9F6BE3188}.Debug|x64.ActiveCfg = Debug|x64
		{B85A7120-53E6-4C7C-A4A8-2FD9F6BE3188}.Debug|x64.Build.0 = Debug|x64
		{B85A7120-53E6-4C7C-A4A8-2FD9F6BE3188}.Debug|x86.ActiveCfg = Debug|x64
		{B85A7120-53E6-4C7C-A4A8-2FD9F6BE3188}.Release|Any CPU.ActiveCfg = Release|x64
		{B85A7120-53E6-4C7C-A4A8-2FD9F6BE3188}.Release|Any CPU.Build.0 = Release|x64
		{B85A7120-53E6-4C7C-A4A8-2FD9F6BE3188}.Release|x64.ActiveCfg = Release|x64
		{B85A7120-53E6-4C7C-A4A8-2FD9F6BE3188}.Release|x64.Build.0 = Release|x64
		{B85A7120-53E6-4C7C-A4A8-2FD9F6BE3188}.Release|x86.ActiveCfg = Release|x64
	EndGlobalSection
	GlobalSection(SolutionProperties) = preSolution
		HideSolutionNode = FALSE
	EndGlobalSection
	GlobalSection(ExtensibilityGlobals) = postSolution
		SolutionGuid = {732F7BEE-C405-4684-9D62-8E852F9BF4D2}
	EndGlobalSection
EndGlobal
