<?xml version="1.0" encoding="utf-8"?>
<Project ToolsVersion="4.0" xmlns="http://schemas.microsoft.com/developer/msbuild/2003">
  <ItemGroup>
    <Filter Include="소스 파일">
      <UniqueIdentifier>{4FC737F1-C7A5-4376-A066-2A32D752A2FF}</UniqueIdentifier>
      <Extensions>cpp;c;cc;cxx;c++;cppm;ixx;def;odl;idl;hpj;bat;asm;asmx</Extensions>
    </Filter>
    <Filter Include="리소스 파일">
      <UniqueIdentifier>{67DA6AB6-F800-4c08-8B7A-83BB121AAD01}</UniqueIdentifier>
      <Extensions>rc;ico;cur;bmp;dlg;rc2;rct;bin;rgs;gif;jpg;jpeg;jpe;resx;tiff;tif;png;wav;mfcribbon-ms</Extensions>
    </Filter>
    <Filter Include="소스 파일\NodeEditorHelper">
      <UniqueIdentifier>{84f04fb2-3e1c-4a97-921e-dcea9ca6cd35}</UniqueIdentifier>
    </Filter>
    <Filter Include="소스 파일\fonts">
      <UniqueIdentifier>{771775e3-a902-490d-9f1f-f108f8f79c8b}</UniqueIdentifier>
    </Filter>
    <Filter Include="소스 파일\CollapsingHeader">
      <UniqueIdentifier>{351c0fd0-8ac4-45e2-a515-5a47000c00fa}</UniqueIdentifier>
    </Filter>
    <Filter Include="소스 파일\NodeEditior">
      <UniqueIdentifier>{728d96ad-0a9d-425e-9a0c-8df97fe3f51d}</UniqueIdentifier>
    </Filter>
    <Filter Include="소스 파일\Profiler">
      <UniqueIdentifier>{9cfdee49-ed17-43d1-8491-2a984c5a3cd1}</UniqueIdentifier>
    </Filter>
    <Filter Include="소스 파일\ImGuiHeader">
      <UniqueIdentifier>{124ca35f-a6c4-4762-a42b-dd7a728b6b19}</UniqueIdentifier>
    </Filter>
  </ItemGroup>
  <ItemGroup>
    <ClInclude Include="ImGuiContext.h">
      <Filter>소스 파일</Filter>
    </ClInclude>
    <ClInclude Include="ImGuiRegisterClass.h">
      <Filter>소스 파일</Filter>
    </ClInclude>
    <ClInclude Include="ImGuiRegister.h">
      <Filter>소스 파일</Filter>
    </ClInclude>
    <ClInclude Include="drawing.h">
      <Filter>소스 파일\NodeEditorHelper</Filter>
    </ClInclude>
    <ClInclude Include="widgets.h">
      <Filter>소스 파일\NodeEditorHelper</Filter>
    </ClInclude>
    <ClInclude Include="fa.h">
      <Filter>소스 파일\fonts</Filter>
    </ClInclude>
    <ClInclude Include="IconsFontAwesome6.h">
      <Filter>소스 파일\fonts</Filter>
    </ClInclude>
    <ClInclude Include="CustomCollapsingHeader.h">
      <Filter>소스 파일\CollapsingHeader</Filter>
    </ClInclude>
    <ClInclude Include="ImGuiMath.h">
      <Filter>소스 파일\NodeEditorHelper</Filter>
    </ClInclude>
    <ClInclude Include="NodeEditor.h">
      <Filter>소스 파일\NodeEditior</Filter>
    </ClInclude>
    <ClInclude Include="Profiler.h">
      <Filter>소스 파일\Profiler</Filter>
    </ClInclude>
    <ClInclude Include="IconsFontAwesome4.h">
      <Filter>소스 파일\fonts</Filter>
    </ClInclude>
    <ClInclude Include="ImGui.h">
      <Filter>소스 파일\ImGuiHeader</Filter>
    </ClInclude>
  </ItemGroup>
  <ItemGroup>
    <ClCompile Include="drawing.cpp">
      <Filter>소스 파일\NodeEditorHelper</Filter>
    </ClCompile>
    <ClCompile Include="widgets.cpp">
      <Filter>소스 파일\NodeEditorHelper</Filter>
    </ClCompile>
    <ClCompile Include="NodeEditor.cpp">
      <Filter>소스 파일\NodeEditior</Filter>
    </ClCompile>
    <ClCompile Include="Profiler.cpp">
      <Filter>소스 파일\Profiler</Filter>
    </ClCompile>
    <ClCompile Include="ProfilerWindow.cpp">
      <Filter>소스 파일\Profiler</Filter>
    </ClCompile>
  </ItemGroup>
</Project>