<?xml version="1.0" encoding="utf-8"?>
<Project ToolsVersion="4.0" xmlns="http://schemas.microsoft.com/developer/msbuild/2003">
  <ItemGroup>
    <Filter Include="App">
      <UniqueIdentifier>{7966f049-6a6f-4755-8982-91de26816bc2}</UniqueIdentifier>
    </Filter>
    <Filter Include="EditorMain">
      <UniqueIdentifier>{dbc999e4-84fd-41ad-be7e-08bca0d45eee}</UniqueIdentifier>
    </Filter>
    <Filter Include="Window">
      <UniqueIdentifier>{1e1443b4-3acb-4b35-9d82-37003d91fcfd}</UniqueIdentifier>
    </Filter>
    <Filter Include="Window\ProgressWindow">
      <UniqueIdentifier>{b76f6103-4d5e-46b0-b281-74a88bbc0d51}</UniqueIdentifier>
    </Filter>
    <Filter Include="리소스 파일">
      <UniqueIdentifier>{67DA6AB6-F800-4c08-8B7A-83BB121AAD01}</UniqueIdentifier>
      <Extensions>rc;ico;cur;bmp;dlg;rc2;rct;bin;rgs;gif;jpg;jpeg;jpe;resx;tiff;tif;png;wav;mfcribbon-ms</Extensions>
    </Filter>
    <Filter Include="헤더 파일">
      <UniqueIdentifier>{93995380-89BD-4b04-88EB-625FBE52EBFB}</UniqueIdentifier>
      <Extensions>h;hh;hpp;hxx;h++;hm;inl;inc;ipp;xsd</Extensions>
    </Filter>
  </ItemGroup>
  <ItemGroup>
    <ClCompile Include="EngineEntry\App.cpp">
      <Filter>App</Filter>
    </ClCompile>
    <ClCompile Include="EngineEntry\EditorMain.cpp">
      <Filter>EditorMain</Filter>
    </ClCompile>
    <ClCompile Include="EngineEntry\ShutdownFinalMarker.cpp">
      <Filter>App</Filter>
    </ClCompile>
  </ItemGroup>
  <ItemGroup>
    <ClInclude Include="EngineEntry\App.h">
      <Filter>App</Filter>
    </ClInclude>
    <ClInclude Include="EngineEntry\BootProgress.h">
      <Filter>Window\ProgressWindow</Filter>
    </ClInclude>
    <ClInclude Include="EngineEntry\EditorMain.h">
      <Filter>EditorMain</Filter>
    </ClInclude>
    <ClInclude Include="EngineEntry\EngineBootstrap.h">
      <Filter>App</Filter>
    </ClInclude>
    <ClInclude Include="EngineEntry\EngineLaunchConfig.h">
      <Filter>App</Filter>
    </ClInclude>
    <ClInclude Include="EngineEntry\framework.h">
      <Filter>헤더 파일</Filter>
    </ClInclude>
    <ClInclude Include="EngineEntry\ProgressWindow.h">
      <Filter>Window\ProgressWindow</Filter>
    </ClInclude>
    <ClInclude Include="EngineEntry\Resource.h">
      <Filter>헤더 파일</Filter>
    </ClInclude>
    <ClInclude Include="EngineEntry\targetver.h">
      <Filter>헤더 파일</Filter>
    </ClInclude>
  </ItemGroup>
  <ItemGroup>
    <Image Include="EngineEntry\Academy_4Q.ico">
      <Filter>리소스 파일</Filter>
    </Image>
    <Image Include="EngineEntry\small.ico">
      <Filter>리소스 파일</Filter>
    </Image>
  </ItemGroup>
</Project>
