<?xml version="1.0" encoding="utf-8"?>
<Project ToolsVersion="4.0">
	<ItemGroup>
		<Filter Include="Common">
			<UniqueIdentifier>{6c135c64-11ba-4567-bb91-1959a29ec409}</UniqueIdentifier>
		</Filter>
		<Filter Include="Script">
			<UniqueIdentifier>{67DA6AB6-F800-4c08-8B7A-83BB121AAD01}</UniqueIdentifier>
			<Extensions>rc;ico;cur;bmp;dlg;rc2;rct;bin;rgs;gif;jpg;jpeg;jpe;resx;tiff;tif;png;wav;mfcribbon-ms</Extensions>
		</Filter>
		<Filter Include="BehaviorTree">
			<UniqueIdentifier>{096b2d56-0948-478a-8db2-9b30a0d8f72c}</UniqueIdentifier>
		</Filter>
		<Filter Include="BehaviorTree\Action">
			<UniqueIdentifier>{439a7493-32f1-4f5b-a1b4-6f22bf63227c}</UniqueIdentifier>
		</Filter>
		<Filter Include="BehaviorTree\Condition">
			<UniqueIdentifier>{439a7493-32f1-4f5b-a1b4-6f22bf63227d}</UniqueIdentifier>
		</Filter>
		<Filter Include="BehaviorTree\ConditionDecorator">
			<UniqueIdentifier>{439a7493-32f1-4f5b-a1b4-6f23bf63227d}</UniqueIdentifier>
		</Filter>
		<Filter Include="AnimationBehavior">
			<UniqueIdentifier>{1e668bdc-4705-49f9-bfff-68031c3321dc}</UniqueIdentifier>
		</Filter>
		<Filter Include="Script\ScriptClass">
			<UniqueIdentifier>{72e7a335-2ce1-4b18-a6f4-d5730af5c01c}</UniqueIdentifier>
		</Filter>
		<Filter Include="Script\CreateFactory">
			<UniqueIdentifier>{72e7a335-2ce1-4b18-a6f4-d5730af5c01f}</UniqueIdentifier>
		</Filter>
		<Filter Include="Common\SourceFile">
			<UniqueIdentifier>{4FC737F1-C7A5-4376-A066-2A32D752A2FF}</UniqueIdentifier>
			<Extensions>cpp;c;cc;cxx;c++;cppm;ixx;def;odl;idl;hpj;bat;asm;asmx</Extensions>
		</Filter>
		<Filter Include="Common\HeaderFile">
			<UniqueIdentifier>{93995380-89BD-4b04-88EB-625FBE52EBFB}</UniqueIdentifier>
			<Extensions>h;hh;hpp;hxx;h++;hm;inl;inc;ipp;xsd</Extensions>
		</Filter>
		<Filter Include="Script\ScriptClass\Bullet">
			<UniqueIdentifier>{d867b0dd-5ce3-49c4-8312-b79aded8e198}</UniqueIdentifier>
		</Filter>
		<Filter Include="Script\ScriptClass\Event">
			<UniqueIdentifier>{afa374f5-8fbf-4b6c-b6ff-9d225e54e2e2}</UniqueIdentifier>
		</Filter>
		<Filter Include="Script\ScriptClass\Items">
			<UniqueIdentifier>{d0ccd789-735a-42e3-873e-0baff8162694}</UniqueIdentifier>
		</Filter>
		<Filter Include="Script\ScriptClass\Entity">
			<UniqueIdentifier>{160cb69a-9c56-457f-8cff-1f412ffd12c1}</UniqueIdentifier>
		</Filter>
		<Filter Include="Script\ScriptClass\Test">
			<UniqueIdentifier>{61691903-e899-48d3-b17f-bd42b4faf750}</UniqueIdentifier>
		</Filter>
		<Filter Include="Script\ScriptClass\Manager">
			<UniqueIdentifier>{757b1c5a-2053-406a-94ba-975532534f06}</UniqueIdentifier>
		</Filter>
		<Filter Include="Script\ScriptClass\UI">
			<UniqueIdentifier>{f131e8dc-174d-450c-bc1d-598e145fef36}</UniqueIdentifier>
		</Filter>
		<Filter Include="Script\ScriptClass\Util">
			<UniqueIdentifier>{bc47ddd8-3fe6-42f8-afd3-3e6a7c6cc907}</UniqueIdentifier>
		</Filter>
		<Filter Include="Script\ScriptClass\UI\TitleScreen">
			<UniqueIdentifier>{9c840add-bd4b-4ed2-a803-0db32880d00b}</UniqueIdentifier>
		</Filter>
		<Filter Include="Script\ScriptClass\UI\InGameUI">
			<UniqueIdentifier>{1417598a-43f9-423e-9d15-e9f9b6dd5450}</UniqueIdentifier>
		</Filter>
		<Filter Include="Script\ScriptClass\UI\LoadingScreen">
			<UniqueIdentifier>{d1e093f4-2c0a-4329-b161-895423827b5e}</UniqueIdentifier>
		</Filter>
		<Filter Include="Script\ScriptClass\Effect">
			<UniqueIdentifier>{3f419c88-8e4f-4000-80c0-e4152fac4006}</UniqueIdentifier>
		</Filter>
		<Filter Include="Script\ScriptClass\Enemy">
			<UniqueIdentifier>{f3defae6-0c72-4547-8833-b4f6dc7f1717}</UniqueIdentifier>
		</Filter>
		<Filter Include="Script\ScriptClass\UI\CharSelectScreen">
			<UniqueIdentifier>{019a933b-c1ca-42dc-83e6-8e3a16ea5354}</UniqueIdentifier>
		</Filter>
	</ItemGroup>
	<ItemGroup>
		<ClInclude Include="framework.h">
			<Filter>Common\HeaderFile</Filter>
		</ClInclude>
		<ClInclude Include="pch.h">
			<Filter>Common\HeaderFile</Filter>
		</ClInclude>
		<ClInclude Include="Export.h">
			<Filter>Common\HeaderFile</Filter>
		</ClInclude>
		<ClInclude Include="CreateFactory.h">
			<Filter>Script\CreateFactory</Filter>
		</ClInclude>
		<ClInclude Include="Assets\Script\Entity.h">
			<Filter>Script\ScriptClass\Entity</Filter>
		</ClInclude>
		<ClInclude Include="Assets\Script\EntityAsis.h">
			<Filter>Script\ScriptClass\Entity</Filter>
		</ClInclude>
		<ClInclude Include="Assets\Script\EntityItem.h">
			<Filter>Script\ScriptClass\Entity</Filter>
		</ClInclude>
		<ClInclude Include="Assets\Script\Player.h">
			<Filter>Script\ScriptClass</Filter>
		</ClInclude>
		<ClInclude Include="funcMain.h">
			<Filter>Script\CreateFactory</Filter>
		</ClInclude>
		<ClInclude Include="BTConditionFactory.h">
			<Filter>Script\CreateFactory</Filter>
		</ClInclude>
		<ClInclude Include="BTConditionDecoratorFactory.h">
			<Filter>Script\CreateFactory</Filter>
		</ClInclude>
		<ClInclude Include="BTActionFactory.h">
			<Filter>Script\CreateFactory</Filter>
		</ClInclude>
		<ClInclude Include="Assets\Script\InverseKinematic.h">
			<Filter>Script\ScriptClass</Filter>
		</ClInclude>
		<ClInclude Include="Assets\Script\EntityResource.h">
			<Filter>Script\ScriptClass\Entity</Filter>
		</ClInclude>
		<ClInclude Include="Assets\BehaviorTree\Action\TestAction.h">
			<Filter>BehaviorTree\Action</Filter>
		</ClInclude>
		<ClInclude Include="Assets\BehaviorTree\Action\DaedAction.h">
			<Filter>BehaviorTree\Action</Filter>
		</ClInclude>
		<ClInclude Include="Assets\BehaviorTree\Action\AtteckAction.h">
			<Filter>BehaviorTree\Action</Filter>
		</ClInclude>
		<ClInclude Include="Assets\BehaviorTree\Action\Idle.h">
			<Filter>BehaviorTree\Action</Filter>
		</ClInclude>
		<ClInclude Include="Assets\BehaviorTree\Action\ChaseAction.h">
			<Filter>BehaviorTree\Action</Filter>
		</ClInclude>
		<ClInclude Include="Assets\BehaviorTree\Action\DamegeAction.h">
			<Filter>BehaviorTree\Action</Filter>
		</ClInclude>
		<ClInclude Include="Assets\BehaviorTree\Action\TeleportAction.h">
			<Filter>BehaviorTree\Action</Filter>
		</ClInclude>
		<ClInclude Include="Assets\BehaviorTree\Action\RetreatAction.h">
			<Filter>BehaviorTree\Action</Filter>
		</ClInclude>
		<ClInclude Include="Assets\BehaviorTree\Action\MageActtack.h">
			<Filter>BehaviorTree\Action</Filter>
		</ClInclude>
		<ClInclude Include="Assets\BehaviorTree\Action\BossIdleAction.h">
			<Filter>BehaviorTree\Action</Filter>
		</ClInclude>
		<ClInclude Include="Assets\BehaviorTree\Action\BP001BodyAtack.h">
			<Filter>BehaviorTree\Action</Filter>
		</ClInclude>
		<ClInclude Include="Assets\BehaviorTree\Action\BP002FireBall.h">
			<Filter>BehaviorTree\Action</Filter>
		</ClInclude>
		<ClInclude Include="Assets\BehaviorTree\Action\BP003Impale.h">
			<Filter>BehaviorTree\Action</Filter>
		</ClInclude>
		<ClInclude Include="Assets\BehaviorTree\Action\BP004DeathWorm.h">
			<Filter>BehaviorTree\Action</Filter>
		</ClInclude>
		<ClInclude Include="Assets\BehaviorTree\Action\BP005Breath.h">
			<Filter>BehaviorTree\Action</Filter>
		</ClInclude>
		<ClInclude Include="Assets\BehaviorTree\Action\BTEntityInitAction.h">
			<Filter>BehaviorTree\Action</Filter>
		</ClInclude>
		<ClInclude Include="Assets\BehaviorTree\Action\GroggyAction.h">
			<Filter>BehaviorTree\Action</Filter>
		</ClInclude>
		<ClInclude Include="Assets\BehaviorTree\Condition\TestCon.h">
			<Filter>BehaviorTree\Condition</Filter>
		</ClInclude>
		<ClInclude Include="Assets\BehaviorTree\Condition\IsDaed.h">
			<Filter>BehaviorTree\Condition</Filter>
		</ClInclude>
		<ClInclude Include="Assets\BehaviorTree\Condition\IsAtteck.h">
			<Filter>BehaviorTree\Condition</Filter>
		</ClInclude>
		<ClInclude Include="Assets\BehaviorTree\Condition\IsDetect.h">
			<Filter>BehaviorTree\Condition</Filter>
		</ClInclude>
		<ClInclude Include="Assets\BehaviorTree\Condition\IsReteat.h">
			<Filter>BehaviorTree\Condition</Filter>
		</ClInclude>
		<ClInclude Include="Assets\BehaviorTree\Condition\IsMageAttack.h">
			<Filter>BehaviorTree\Condition</Filter>
		</ClInclude>
		<ClInclude Include="Assets\BehaviorTree\Condition\IsTeleport.h">
			<Filter>BehaviorTree\Condition</Filter>
		</ClInclude>
		<ClInclude Include="Assets\BehaviorTree\Condition\IsGroggy.h">
			<Filter>BehaviorTree\Condition</Filter>
		</ClInclude>
		<ClInclude Include="Assets\BehaviorTree\ConditionDecorator\TestConCec.h">
			<Filter>BehaviorTree\ConditionDecorator</Filter>
		</ClInclude>
		<ClInclude Include="Assets\BehaviorTree\ConditionDecorator\Phase1.h">
			<Filter>BehaviorTree\ConditionDecorator</Filter>
		</ClInclude>
		<ClInclude Include="Assets\BehaviorTree\ConditionDecorator\Phase2.h">
			<Filter>BehaviorTree\ConditionDecorator</Filter>
		</ClInclude>
		<ClInclude Include="Assets\BehaviorTree\ConditionDecorator\Phase3.h">
			<Filter>BehaviorTree\ConditionDecorator</Filter>
		</ClInclude>
		<ClInclude Include="Assets\BehaviorTree\ConditionDecorator\IsDamege.h">
			<Filter>BehaviorTree\ConditionDecorator</Filter>
		</ClInclude>
		<ClInclude Include="Assets\BehaviorTree\ConditionDecorator\BP1IsPatten.h">
			<Filter>BehaviorTree\ConditionDecorator</Filter>
		</ClInclude>
		<ClInclude Include="Assets\BehaviorTree\ConditionDecorator\BP2IsPatten.h">
			<Filter>BehaviorTree\ConditionDecorator</Filter>
		</ClInclude>
		<ClInclude Include="Assets\BehaviorTree\ConditionDecorator\IsBossAtteck.h">
			<Filter>BehaviorTree\ConditionDecorator</Filter>
		</ClInclude>
		<ClInclude Include="Assets\BehaviorTree\ConditionDecorator\IsBossRangeAttack.h">
			<Filter>BehaviorTree\ConditionDecorator</Filter>
		</ClInclude>
		<ClInclude Include="Assets\BehaviorTree\ConditionDecorator\IsInitialize.h">
			<Filter>BehaviorTree\ConditionDecorator</Filter>
		</ClInclude>
		<ClInclude Include="Assets\BehaviorTree\ConditionDecorator\IsStartBoss.h">
			<Filter>BehaviorTree\ConditionDecorator</Filter>
		</ClInclude>
		<ClInclude Include="AniBehaviorFactory.h">
			<Filter>Script\CreateFactory</Filter>
		</ClInclude>
		<ClInclude Include="Assets\BehaviorTree\ConditionDecorator\IsUseAsis.h">
			<Filter>BehaviorTree\ConditionDecorator</Filter>
		</ClInclude>
		<ClInclude Include="Assets\BehaviorTree\Condition\IsChase.h">
			<Filter>BehaviorTree\Condition</Filter>
		</ClInclude>
		<ClInclude Include="Assets\BehaviorTree\Action\DetectAndTargetingAction.h">
			<Filter>BehaviorTree\Action</Filter>
		</ClInclude>
		<ClInclude Include="Assets\Script\DestroyEffect.h">
			<Filter>Script\ScriptClass</Filter>
		</ClInclude>
		<ClInclude Include="Assets\BehaviorTree\Action\KnockBackAction.h">
			<Filter>BehaviorTree\Action</Filter>
		</ClInclude>
		<ClInclude Include="Assets\Script\Bullet.h">
			<Filter>Script\ScriptClass\Bullet</Filter>
		</ClInclude>
		<ClInclude Include="Assets\Script\SpecialBullet.h">
			<Filter>Script\ScriptClass\Bullet</Filter>
		</ClInclude>
		<ClInclude Include="Assets\Script\NormalBullet.h">
			<Filter>Script\ScriptClass\Bullet</Filter>
		</ClInclude>
		<ClInclude Include="Assets\Script\Bomb.h">
			<Filter>Script\ScriptClass\Bullet</Filter>
		</ClInclude>
		<ClInclude Include="Assets\Script\Explosion.h">
			<Filter>Script\ScriptClass\Bullet</Filter>
		</ClInclude>
		<ClInclude Include="Assets\Script\WeaponCapsule.h">
			<Filter>Script\ScriptClass</Filter>
		</ClInclude>
		<ClInclude Include="Assets\BehaviorTree\Action\WaitAction.h">
			<Filter>BehaviorTree\Action</Filter>
		</ClInclude>
		<ClInclude Include="Assets\Script\CurveIndicator.h">
			<Filter>Script\ScriptClass</Filter>
		</ClInclude>
		<ClInclude Include="Assets\BehaviorTree\Action\BP0031.h">
			<Filter>BehaviorTree\Action</Filter>
		</ClInclude>
		<ClInclude Include="Assets\BehaviorTree\Action\BP0032.h">
			<Filter>BehaviorTree\Action</Filter>
		</ClInclude>
		<ClInclude Include="Assets\BehaviorTree\Action\BP0033.h">
			<Filter>BehaviorTree\Action</Filter>
		</ClInclude>
		<ClInclude Include="Assets\BehaviorTree\Action\BP0034.h">
			<Filter>BehaviorTree\Action</Filter>
		</ClInclude>
		<ClInclude Include="Assets\Script\TBoss1.h">
			<Filter>Script\ScriptClass</Filter>
		</ClInclude>
		<ClInclude Include="Assets\Script\CriticalMark.h">
			<Filter>Script\ScriptClass</Filter>
		</ClInclude>
		<ClInclude Include="Assets\Script\MonsterProjectile.h">
			<Filter>Script\ScriptClass</Filter>
		</ClInclude>
		<ClInclude Include="Assets\Script\EventTarget.h">
			<Filter>Script\ScriptClass\Event</Filter>
		</ClInclude>
		<ClInclude Include="Assets\Script\CameraMove.h">
			<Filter>Script\ScriptClass</Filter>
		</ClInclude>
		<ClInclude Include="Assets\Script\ITriggerCondition.h">
			<Filter>Script\ScriptClass\Event</Filter>
		</ClInclude>
		<ClInclude Include="Assets\Script\EntityRock.h">
			<Filter>Script\ScriptClass\Entity</Filter>
		</ClInclude>
		<ClInclude Include="Assets\Script\MobSpawner.h">
			<Filter>Script\ScriptClass</Filter>
		</ClInclude>
		<ClInclude Include="Assets\Script\GameInit.h">
			<Filter>Script\ScriptClass</Filter>
		</ClInclude>
		<ClInclude Include="Assets\Script\ItemComponent.h">
			<Filter>Script\ScriptClass\Items</Filter>
		</ClInclude>
		<ClInclude Include="Assets\Script\EntityBigWood.h">
			<Filter>Script\ScriptClass\Entity</Filter>
		</ClInclude>
		<ClInclude Include="Assets\Script\EntityEnemy.h">
			<Filter>Script\ScriptClass\Entity</Filter>
		</ClInclude>
		<ClInclude Include="Assets\Script\EntityItemHeal.h">
			<Filter>Script\ScriptClass\Entity</Filter>
		</ClInclude>
		<ClInclude Include="Assets\Script\EntityMonsterA.h">
			<Filter>Script\ScriptClass\Entity</Filter>
		</ClInclude>
		<ClInclude Include="Assets\Script\EntitySpiritStone.h">
			<Filter>Script\ScriptClass\Entity</Filter>
		</ClInclude>
		<ClInclude Include="Assets\Script\TestBehavior.h">
			<Filter>Script\ScriptClass\Test</Filter>
		</ClInclude>
		<ClInclude Include="Assets\Script\TestEnemy.h">
			<Filter>Script\ScriptClass\Test</Filter>
		</ClInclude>
		<ClInclude Include="Assets\Script\TestMonsterB.h">
			<Filter>Script\ScriptClass\Test</Filter>
		</ClInclude>
		<ClInclude Include="Assets\Script\TestTreeBehavior.h">
			<Filter>Script\ScriptClass\Test</Filter>
		</ClInclude>
		<ClInclude Include="Assets\Script\GameManager.h">
			<Filter>Script\ScriptClass\Manager</Filter>
		</ClInclude>
		<ClInclude Include="Assets\Script\EventManager.h">
			<Filter>Script\ScriptClass\Event</Filter>
		</ClInclude>
		<ClInclude Include="Assets\Script\TweenManager.h">
			<Filter>Script\ScriptClass\Manager</Filter>
		</ClInclude>
		<ClInclude Include="Assets\Script\ItemManager.h">
			<Filter>Script\ScriptClass\Manager</Filter>
		</ClInclude>
		<ClInclude Include="RaycastHelper.h">
			<Filter>Script\ScriptClass\Util</Filter>
		</ClInclude>
		<ClInclude Include="Assets\Script\MosterMeleeAni.h">
			<Filter>AnimationBehavior</Filter>
		</ClInclude>
		<ClInclude Include="Assets\Script\EntityEleteMonster.h">
			<Filter>Script\ScriptClass</Filter>
		</ClInclude>
		<ClInclude Include="Assets\Script\IllustrationMove.h">
			<Filter>Script\ScriptClass</Filter>
		</ClInclude>
		<ClInclude Include="Assets\Script\MonEleteProjetile.h">
			<Filter>Script\ScriptClass</Filter>
		</ClInclude>
		<ClInclude Include="Assets\Script\TimerTrigger.h">
			<Filter>Script\ScriptClass\Event</Filter>
		</ClInclude>
		<ClInclude Include="Assets\Script\BP003.h">
			<Filter>Script\ScriptClass</Filter>
		</ClInclude>
		<ClInclude Include="Assets\Script\ReachEventTrigger.h">
			<Filter>Script\ScriptClass</Filter>
		</ClInclude>
		<ClInclude Include="Assets\Script\ControllerVibration.h">
			<Filter>Script\ScriptClass\Bullet</Filter>
		</ClInclude>
		<ClInclude Include="Assets\Script\BP001.h">
			<Filter>Script\ScriptClass</Filter>
		</ClInclude>
		<ClInclude Include="Assets\BehaviorTree\ConditionDecorator\IsHazadPatten.h">
			<Filter>BehaviorTree\ConditionDecorator</Filter>
		</ClInclude>
		<ClInclude Include="Assets\BehaviorTree\ConditionDecorator\ActionCountCheck.h">
			<Filter>BehaviorTree\ConditionDecorator</Filter>
		</ClInclude>
		<ClInclude Include="Assets\BehaviorTree\Action\BP0011.h">
			<Filter>BehaviorTree\Action</Filter>
		</ClInclude>
		<ClInclude Include="Assets\BehaviorTree\Action\BP0012.h">
			<Filter>BehaviorTree\Action</Filter>
		</ClInclude>
		<ClInclude Include="Assets\BehaviorTree\Action\BP0021.h">
			<Filter>BehaviorTree\Action</Filter>
		</ClInclude>
		<ClInclude Include="Assets\BehaviorTree\Action\BP0022.h">
			<Filter>BehaviorTree\Action</Filter>
		</ClInclude>
		<ClInclude Include="Assets\BehaviorTree\Action\BP0013.h">
			<Filter>BehaviorTree\Action</Filter>
		</ClInclude>
		<ClInclude Include="Assets\BehaviorTree\Action\BP0014.h">
			<Filter>BehaviorTree\Action</Filter>
		</ClInclude>
		<ClInclude Include="Assets\BehaviorTree\Action\BurrowMove.h">
			<Filter>BehaviorTree\Action</Filter>
		</ClInclude>
		<ClInclude Include="Assets\Script\ImageButton.h">
			<Filter>Script\ScriptClass\Util</Filter>
		</ClInclude>
		<ClInclude Include="Assets\Script\CreditsButton.h">
			<Filter>Script\ScriptClass\UI\TitleScreen</Filter>
		</ClInclude>
		<ClInclude Include="Assets\Script\ExitButton.h">
			<Filter>Script\ScriptClass\UI\TitleScreen</Filter>
		</ClInclude>
		<ClInclude Include="Assets\Script\SettingButton.h">
			<Filter>Script\ScriptClass\UI\TitleScreen</Filter>
		</ClInclude>
		<ClInclude Include="Assets\Script\TutorialButton.h">
			<Filter>Script\ScriptClass\UI\TitleScreen</Filter>
		</ClInclude>
		<ClInclude Include="Assets\Script\HPBar.h">
			<Filter>Script\ScriptClass\UI\InGameUI</Filter>
		</ClInclude>
		<ClInclude Include="Assets\Script\ItemPopup.h">
			<Filter>Script\ScriptClass\UI\InGameUI</Filter>
		</ClInclude>
		<ClInclude Include="Assets\Script\ItemUIIcon.h">
			<Filter>Script\ScriptClass\UI\InGameUI</Filter>
		</ClInclude>
		<ClInclude Include="Assets\Script\ItemUIPopup.h">
			<Filter>Script\ScriptClass\UI\InGameUI</Filter>
		</ClInclude>
		<ClInclude Include="Assets\Script\BootstrapObserver.h">
			<Filter>Script\ScriptClass\UI\TitleScreen</Filter>
		</ClInclude>
		<ClInclude Include="Assets\Script\LoadingController.h">
			<Filter>Script\ScriptClass\UI\LoadingScreen</Filter>
		</ClInclude>
		<ClInclude Include="Assets\Script\SwitchingSceneTrigger.h">
			<Filter>Script\ScriptClass\UI\LoadingScreen</Filter>
		</ClInclude>
		<ClInclude Include="Assets\Script\WeaponSlotDurFont.h">
			<Filter>Script\ScriptClass\UI\InGameUI</Filter>
		</ClInclude>
		<ClInclude Include="Assets\Script\UIGageTest.h">
			<Filter>Script\ScriptClass\UI\InGameUI</Filter>
		</ClInclude>
		<ClInclude Include="Assets\Script\PlayEffectAll.h">
			<Filter>Script\ScriptClass\Effect</Filter>
		</ClInclude>
		<ClInclude Include="Assets\Script\SlashEffect.h">
			<Filter>Script\ScriptClass\Effect</Filter>
		</ClInclude>
		<ClInclude Include="Assets\Script\SwordHitEffect.h">
			<Filter>Script\ScriptClass\Effect</Filter>
		</ClInclude>
		<ClInclude Include="Assets\Script\SwordProjectileEffect.h">
			<Filter>Script\ScriptClass\Effect</Filter>
		</ClInclude>
		<ClInclude Include="Assets\Script\SFXPoolManager.h">
			<Filter>Script\ScriptClass\Manager</Filter>
		</ClInclude>
		<ClInclude Include="Assets\Script\ObjectPoolManager.h">
			<Filter>Script\ScriptClass\Manager</Filter>
		</ClInclude>
		<ClInclude Include="Assets\Script\EntityMonsterTower.h">
			<Filter>Script\ScriptClass\Enemy</Filter>
		</ClInclude>
		<ClInclude Include="Assets\Script\EntityMonsterBaseGate.h">
			<Filter>Script\ScriptClass\Enemy</Filter>
		</ClInclude>
		<ClInclude Include="Assets\Script\ImageSlideshow.h">
			<Filter>Script\ScriptClass\UI\TitleScreen</Filter>
		</ClInclude>
		<ClInclude Include="Assets\Script\SoundBarUI.h">
			<Filter>Script\ScriptClass\UI\TitleScreen</Filter>
		</ClInclude>
		<ClInclude Include="Assets\Script\WeaponSlotController.h">
			<Filter>Script\ScriptClass\UI\InGameUI</Filter>
		</ClInclude>
		<ClInclude Include="Assets\Script\WeaponSlot.h">
			<Filter>Script\ScriptClass\UI\InGameUI</Filter>
		</ClInclude>
		<ClInclude Include="Assets\Script\ViveSwitchUI.h">
			<Filter>Script\ScriptClass\UI\TitleScreen</Filter>
		</ClInclude>
		<ClInclude Include="Assets\Script\EventSelector.h">
			<Filter>Script\ScriptClass\UI\InGameUI</Filter>
		</ClInclude>
		<ClInclude Include="ItemType.h">
			<Filter>Script\ScriptClass\UI\InGameUI</Filter>
		</ClInclude>
		<ClInclude Include="Assets\Script\PlayerThrow.h">
			<Filter>AnimationBehavior</Filter>
		</ClInclude>
		<ClInclude Include="Assets\Script\PlayerAttackAH.h">
			<Filter>AnimationBehavior</Filter>
		</ClInclude>
		<ClInclude Include="Assets\Script\PlayerBombAttack.h">
			<Filter>AnimationBehavior</Filter>
		</ClInclude>
		<ClInclude Include="Assets\Script\PlayerBombCharing.h">
			<Filter>AnimationBehavior</Filter>
		</ClInclude>
		<ClInclude Include="Assets\Script\PlayerDash.h">
			<Filter>AnimationBehavior</Filter>
		</ClInclude>
		<ClInclude Include="Assets\Script\PlayerGrab.h">
			<Filter>AnimationBehavior</Filter>
		</ClInclude>
		<ClInclude Include="Assets\Script\PlayerHit.h">
			<Filter>AnimationBehavior</Filter>
		</ClInclude>
		<ClInclude Include="Assets\Script\PlayerRangeAttack.h">
			<Filter>AnimationBehavior</Filter>
		</ClInclude>
		<ClInclude Include="Assets\Script\PlayerRangeAttackEnd.h">
			<Filter>AnimationBehavior</Filter>
		</ClInclude>
		<ClInclude Include="Assets\Script\PlayerRangeAttackReady.h">
			<Filter>AnimationBehavior</Filter>
		</ClInclude>
		<ClInclude Include="Assets\Script\PlayerRangeAttackSpecial.h">
			<Filter>AnimationBehavior</Filter>
		</ClInclude>
		<ClInclude Include="Assets\Script\PlayerStun.h">
			<Filter>AnimationBehavior</Filter>
		</ClInclude>
		<ClInclude Include="Assets\Script\BossBurrowAni.h">
			<Filter>AnimationBehavior</Filter>
		</ClInclude>
		<ClInclude Include="Assets\Script\BossMeleeAni.h">
			<Filter>AnimationBehavior</Filter>
		</ClInclude>
		<ClInclude Include="Assets\Script\BossPopupAni.h">
			<Filter>AnimationBehavior</Filter>
		</ClInclude>
		<ClInclude Include="Assets\Script\BossRangedAni.h">
			<Filter>AnimationBehavior</Filter>
		</ClInclude>
		<ClInclude Include="Assets\Script\BossWarningAni.h">
			<Filter>AnimationBehavior</Filter>
		</ClInclude>
		<ClInclude Include="Assets\Script\SettingWindowUI.h">
			<Filter>Script\ScriptClass\UI\TitleScreen</Filter>
		</ClInclude>
		<ClInclude Include="GameInstance.h">
			<Filter>Script\ScriptClass</Filter>
		</ClInclude>
		<ClInclude Include="ControllerHaptics.h">
			<Filter>Script\ScriptClass\Util</Filter>
		</ClInclude>
		<ClInclude Include="Assets\Script\TestEffect.h">
			<Filter>Script\ScriptClass</Filter>
		</ClInclude>
		<ClInclude Include="Assets\Script\SwordProjectile.h">
			<Filter>Script\ScriptClass</Filter>
		</ClInclude>
		<ClInclude Include="SoundName.h">
			<Filter>Script\ScriptClass</Filter>
		</ClInclude>
		<ClInclude Include="PlayerState.h">
			<Filter>Script\ScriptClass</Filter>
		</ClInclude>
		<ClInclude Include="ObjectPool.h">
			<Filter>Script\ScriptClass</Filter>
		</ClInclude>
		<ClInclude Include="DebugLog.h">
			<Filter>Script\ScriptClass\Util</Filter>
		</ClInclude>
		<ClInclude Include="Assets\Script\PlayerSelector.h">
			<Filter>Script\ScriptClass\UI\CharSelectScreen</Filter>
		</ClInclude>
		<ClInclude Include="Assets\Script\SelectTimer.h">
			<Filter>Script\ScriptClass\UI\CharSelectScreen</Filter>
		</ClInclude>
		<ClInclude Include="Assets\Script\StartButton.h">
			<Filter>Script\ScriptClass\UI\TitleScreen</Filter>
		</ClInclude>
		<ClInclude Include="Assets\Script\RewardObserver.h">
			<Filter>Script\ScriptClass\UI\InGameUI</Filter>
		</ClInclude>
		<ClInclude Include="Assets\Script\InputDeviceDetector.h">
			<Filter>Script\ScriptClass\UI\CharSelectScreen</Filter>
		</ClInclude>
		<ClInclude Include="Assets\Script\MovingUILayer.h">
			<Filter>Script\ScriptClass\UI\TitleScreen</Filter>
		</ClInclude>
		<ClInclude Include="Assets\Script\SceneTransitionUI.h">
			<Filter>Script\ScriptClass</Filter>
		</ClInclude>
		<ClInclude Include="Assets\Script\BossBomb.h">
			<Filter>Script\ScriptClass</Filter>
		</ClInclude>
		<ClInclude Include="Assets\Script\MobSpawnerBound.h">
			<Filter>Script\ScriptClass</Filter>
		</ClInclude>
		<ClInclude Include="Assets\Script\RestartButton.h">
			<Filter>Script\ScriptClass</Filter>
		</ClInclude>
		<ClInclude Include="Assets\Script\ReturnMainScene.h">
			<Filter>Script\ScriptClass</Filter>
		</ClInclude>
		<ClInclude Include="Assets\Script\MenuKeyObserver.h">
			<Filter>Script\ScriptClass</Filter>
		</ClInclude>
		<ClInclude Include="Assets\Script\KoriEmoteSystem.h">
			<Filter>Script\ScriptClass</Filter>
		</ClInclude>
		<ClInclude Include="Assets\Script\PauseMenuButton.h">
			<Filter>Script\ScriptClass</Filter>
		</ClInclude>
		<ClInclude Include="Assets\Script\BGMController.h">
			<Filter>Script\ScriptClass</Filter>
		</ClInclude>
		<ClInclude Include="Assets\Script\GateBarrier.h">
			<Filter>Script\ScriptClass</Filter>
		</ClInclude>
		<ClInclude Include="Assets\Script\ExitPauseButton.h">
			<Filter>Script\ScriptClass</Filter>
		</ClInclude>
		<ClInclude Include="Assets\Script\ClearPortal.h">
			<Filter>Script\ScriptClass</Filter>
		</ClInclude>
		<ClInclude Include="Assets\Script\PortalTrigger.h">
			<Filter>Script\ScriptClass</Filter>
		</ClInclude>
		<ClInclude Include="Assets\Script\BossHPBar.h">
			<Filter>Script\ScriptClass</Filter>
		</ClInclude>
		<ClInclude Include="Assets\Script\SceneTag.h">
			<Filter>Script\ScriptClass</Filter>
		</ClInclude>
		<ClInclude Include="Assets\Script\BGMChangeTrigger.h">
			<Filter>Script\ScriptClass</Filter>
		</ClInclude>
		<ClInclude Include="Assets\Script\BGMAmbienceController.h">
			<Filter>Script\ScriptClass</Filter>
		</ClInclude>
	</ItemGroup>
	<ItemGroup>
		<ClCompile Include="dllmain.cpp">
			<Filter>Common\SourceFile</Filter>
		</ClCompile>
		<ClCompile Include="pch.cpp">
			<Filter>Common\SourceFile</Filter>
		</ClCompile>
		<ClCompile Include="Assets\Script\EntityAsis.cpp">
			<Filter>Script\ScriptClass\Entity</Filter>
		</ClCompile>
		<ClCompile Include="Assets\Script\EntityItem.cpp">
			<Filter>Script\ScriptClass\Entity</Filter>
		</ClCompile>
		<ClCompile Include="Assets\Script\Player.cpp">
			<Filter>Script\ScriptClass</Filter>
		</ClCompile>
		<ClCompile Include="Assets\Script\InverseKinematic.cpp">
			<Filter>Script\ScriptClass</Filter>
		</ClCompile>
		<ClCompile Include="Assets\Script\TestEnemy.cpp">
			<Filter>Script\ScriptClass\Entity</Filter>
		</ClCompile>
		<ClInclude Include="Assets\Script\Weapon.h">
			<Filter>Script\ScriptClass</Filter>
		</ClInclude>
		<ClCompile Include="Assets\Script\Weapon.cpp">
			<Filter>Script\ScriptClass</Filter>
		</ClCompile>
		<ClCompile Include="Assets\BehaviorTree\Action\TestAction.cpp">
			<Filter>BehaviorTree\Action</Filter>
		</ClCompile>
		<ClCompile Include="Assets\BehaviorTree\Action\DaedAction.cpp">
			<Filter>BehaviorTree\Action</Filter>
		</ClCompile>
		<ClCompile Include="Assets\BehaviorTree\Action\AtteckAction.cpp">
			<Filter>BehaviorTree\Action</Filter>
		</ClCompile>
		<ClCompile Include="Assets\BehaviorTree\Action\Idle.cpp">
			<Filter>BehaviorTree\Action</Filter>
		</ClCompile>
		<ClCompile Include="Assets\BehaviorTree\Action\ChaseAction.cpp">
			<Filter>BehaviorTree\Action</Filter>
		</ClCompile>
		<ClCompile Include="Assets\BehaviorTree\Action\DamegeAction.cpp">
			<Filter>BehaviorTree\Action</Filter>
		</ClCompile>
		<ClCompile Include="Assets\BehaviorTree\Action\TeleportAction.cpp">
			<Filter>BehaviorTree\Action</Filter>
		</ClCompile>
		<ClCompile Include="Assets\BehaviorTree\Action\RetreatAction.cpp">
			<Filter>BehaviorTree\Action</Filter>
		</ClCompile>
		<ClCompile Include="Assets\BehaviorTree\Action\MageActtack.cpp">
			<Filter>BehaviorTree\Action</Filter>
		</ClCompile>
		<ClCompile Include="Assets\BehaviorTree\Action\BossIdleAction.cpp">
			<Filter>BehaviorTree\Action</Filter>
		</ClCompile>
		<ClCompile Include="Assets\BehaviorTree\Action\BP001BodyAtack.cpp">
			<Filter>BehaviorTree\Action</Filter>
		</ClCompile>
		<ClCompile Include="Assets\BehaviorTree\Action\BP002FireBall.cpp">
			<Filter>BehaviorTree\Action</Filter>
		</ClCompile>
		<ClCompile Include="Assets\BehaviorTree\Action\BP003Impale.cpp">
			<Filter>BehaviorTree\Action</Filter>
		</ClCompile>
		<ClCompile Include="Assets\BehaviorTree\Action\BP004DeathWorm.cpp">
			<Filter>BehaviorTree\Action</Filter>
		</ClCompile>
		<ClCompile Include="Assets\BehaviorTree\Action\BP005Breath.cpp">
			<Filter>BehaviorTree\Action</Filter>
		</ClCompile>
		<ClCompile Include="Assets\BehaviorTree\Action\BTEntityInitAction.cpp">
			<Filter>BehaviorTree\Action</Filter>
		</ClCompile>
		<ClCompile Include="Assets\BehaviorTree\Action\GroggyAction.cpp">
			<Filter>BehaviorTree\Action</Filter>
		</ClCompile>
		<ClCompile Include="Assets\BehaviorTree\Condition\TestCon.cpp">
			<Filter>BehaviorTree\Condition</Filter>
		</ClCompile>
		<ClCompile Include="Assets\BehaviorTree\Condition\IsDaed.cpp">
			<Filter>BehaviorTree\Condition</Filter>
		</ClCompile>
		<ClCompile Include="Assets\BehaviorTree\Condition\IsAtteck.cpp">
			<Filter>BehaviorTree\Condition</Filter>
		</ClCompile>
		<ClCompile Include="Assets\BehaviorTree\Condition\IsDetect.cpp">
			<Filter>BehaviorTree\Condition</Filter>
		</ClCompile>
		<ClCompile Include="Assets\BehaviorTree\Condition\IsReteat.cpp">
			<Filter>BehaviorTree\Condition</Filter>
		</ClCompile>
		<ClCompile Include="Assets\BehaviorTree\Condition\IsMageAttack.cpp">
			<Filter>BehaviorTree\Condition</Filter>
		</ClCompile>
		<ClCompile Include="Assets\BehaviorTree\Condition\IsTeleport.cpp">
			<Filter>BehaviorTree\Condition</Filter>
		</ClCompile>
		<ClCompile Include="Assets\BehaviorTree\Condition\IsGroggy.cpp">
			<Filter>BehaviorTree\Condition</Filter>
		</ClCompile>
		<ClCompile Include="Assets\BehaviorTree\ConditionDecorator\TestConCec.cpp">
			<Filter>BehaviorTree\ConditionDecorator</Filter>
		</ClCompile>
		<ClCompile Include="Assets\BehaviorTree\ConditionDecorator\IsDamege.cpp">
			<Filter>BehaviorTree\ConditionDecorator</Filter>
		</ClCompile>
		<ClCompile Include="Assets\BehaviorTree\ConditionDecorator\Phase1.cpp">
			<Filter>BehaviorTree\ConditionDecorator</Filter>
		</ClCompile>
		<ClCompile Include="Assets\BehaviorTree\ConditionDecorator\Phase2.cpp">
			<Filter>BehaviorTree\ConditionDecorator</Filter>
		</ClCompile>
		<ClCompile Include="Assets\BehaviorTree\ConditionDecorator\Phase3.cpp">
			<Filter>BehaviorTree\ConditionDecorator</Filter>
		</ClCompile>
		<ClCompile Include="Assets\BehaviorTree\ConditionDecorator\BP1IsPatten.cpp">
			<Filter>BehaviorTree\ConditionDecorator</Filter>
		</ClCompile>
		<ClCompile Include="Assets\BehaviorTree\ConditionDecorator\BP2IsPatten.cpp">
			<Filter>BehaviorTree\ConditionDecorator</Filter>
		</ClCompile>
		<ClCompile Include="Assets\BehaviorTree\ConditionDecorator\IsBossAtteck.cpp">
			<Filter>BehaviorTree\ConditionDecorator</Filter>
		</ClCompile>
		<ClCompile Include="Assets\BehaviorTree\ConditionDecorator\IsBossRangeAttack.cpp">
			<Filter>BehaviorTree\ConditionDecorator</Filter>
		</ClCompile>
		<ClCompile Include="Assets\BehaviorTree\ConditionDecorator\IsInitialize.cpp">
			<Filter>BehaviorTree\ConditionDecorator</Filter>
		</ClCompile>
		<ClCompile Include="Assets\BehaviorTree\ConditionDecorator\IsStartBoss.cpp">
			<Filter>BehaviorTree\ConditionDecorator</Filter>
		</ClCompile>
		<ClCompile Include="Assets\BehaviorTree\ConditionDecorator\IsUseAsis.cpp">
			<Filter>BehaviorTree\ConditionDecorator</Filter>
		</ClCompile>
		<ClCompile Include="Assets\BehaviorTree\Condition\IsChase.cpp">
			<Filter>BehaviorTree\Condition</Filter>
		</ClCompile>
		<ClCompile Include="Assets\BehaviorTree\Action\DetectAndTargetingAction.cpp">
			<Filter>BehaviorTree\Action</Filter>
		</ClCompile>
		<ClCompile Include="Assets\Script\DestroyEffect.cpp">
			<Filter>Script\ScriptClass</Filter>
		</ClCompile>
		<ClCompile Include="Assets\Script\PlayerAttackAH.cpp">
			<Filter>Script</Filter>
		</ClCompile>
		<ClCompile Include="Assets\BehaviorTree\Action\KnockBackAction.cpp">
			<Filter>BehaviorTree\Action</Filter>
		</ClCompile>
		<ClCompile Include="Assets\Script\Bullet.cpp">
			<Filter>Script\ScriptClass\Bullet</Filter>
		</ClCompile>
		<ClCompile Include="Assets\Script\SpecialBullet.cpp">
			<Filter>Script\ScriptClass\Bullet</Filter>
		</ClCompile>
		<ClCompile Include="Assets\Script\NormalBullet.cpp">
			<Filter>Script\ScriptClass\Bullet</Filter>
		</ClCompile>
		<ClCompile Include="Assets\Script\Bomb.cpp">
			<Filter>Script\ScriptClass\Bullet</Filter>
		</ClCompile>
		<ClCompile Include="Assets\Script\Explosion.cpp">
			<Filter>Script\ScriptClass\Bullet</Filter>
		</ClCompile>
		<ClCompile Include="Assets\Script\WeaponCapsule.cpp">
			<Filter>Script\ScriptClass</Filter>
		</ClCompile>
		<ClCompile Include="Assets\BehaviorTree\Action\WaitAction.cpp">
			<Filter>BehaviorTree\Action</Filter>
		</ClCompile>
		<ClCompile Include="Assets\Script\MosterMeleeAni.cpp">
			<Filter>Script</Filter>
		</ClCompile>
		<ClCompile Include="Assets\Script\CurveIndicator.cpp">
			<Filter>Script\ScriptClass</Filter>
		</ClCompile>
		<ClCompile Include="Assets\BehaviorTree\Action\BP0031.cpp">
			<Filter>BehaviorTree\Action</Filter>
		</ClCompile>
		<ClCompile Include="Assets\BehaviorTree\Action\BP0032.cpp">
			<Filter>BehaviorTree\Action</Filter>
		</ClCompile>
		<ClCompile Include="Assets\BehaviorTree\Action\BP0033.cpp">
			<Filter>BehaviorTree\Action</Filter>
		</ClCompile>
		<ClCompile Include="Assets\BehaviorTree\Action\BP0034.cpp">
			<Filter>BehaviorTree\Action</Filter>
		</ClCompile>
		<ClCompile Include="Assets\Script\TBoss1.cpp">
			<Filter>Script\ScriptClass</Filter>
		</ClCompile>
		<ClCompile Include="Assets\Script\MonsterProjectile.cpp">
			<Filter>Script\ScriptClass</Filter>
		</ClCompile>
		<ClCompile Include="Assets\Script\CriticalMark.cpp">
			<Filter>Script\ScriptClass</Filter>
		</ClCompile>
		<ClCompile Include="Assets\Script\CameraMove.cpp">
			<Filter>Script\ScriptClass</Filter>
		</ClCompile>
		<ClCompile Include="Assets\Script\ITriggerCondition.cpp">
			<Filter>Script\ScriptClass\Event</Filter>
		</ClCompile>
		<ClCompile Include="Assets\Script\EventTarget.cpp">
			<Filter>Script\ScriptClass\Event</Filter>
		</ClCompile>
		<ClCompile Include="Assets\Script\MobSpawner.cpp">
			<Filter>Script\ScriptClass</Filter>
		</ClCompile>
		<ClCompile Include="Assets\Script\GameInit.cpp">
			<Filter>Script\ScriptClass</Filter>
		</ClCompile>
		<ClCompile Include="Assets\Script\ItemComponent.cpp">
			<Filter>Script\ScriptClass\Items</Filter>
		</ClCompile>
		<ClCompile Include="Assets\Script\EntityBigWood.cpp">
			<Filter>Script\ScriptClass\Entity</Filter>
		</ClCompile>
		<ClCompile Include="Assets\Script\EntityEnemy.cpp">
			<Filter>Script\ScriptClass\Entity</Filter>
		</ClCompile>
		<ClCompile Include="Assets\Script\EntitySpiritStone.cpp">
			<Filter>Script\ScriptClass\Entity</Filter>
		</ClCompile>
		<ClCompile Include="Assets\Script\EntityRock.cpp">
			<Filter>Script\ScriptClass\Entity</Filter>
		</ClCompile>
		<ClCompile Include="Assets\Script\EntityItemHeal.cpp">
			<Filter>Script\ScriptClass\Entity</Filter>
		</ClCompile>
		<ClCompile Include="Assets\Script\EntityMonsterA.cpp">
			<Filter>Script\ScriptClass\Entity</Filter>
		</ClCompile>
		<ClCompile Include="Assets\Script\EntityResource.cpp">
			<Filter>Script\ScriptClass\Entity</Filter>
		</ClCompile>
		<ClCompile Include="Assets\Script\TestBehavior.cpp">
			<Filter>Script\ScriptClass\Test</Filter>
		</ClCompile>
		<ClCompile Include="Assets\Script\TestMonsterB.cpp">
			<Filter>Script\ScriptClass\Test</Filter>
		</ClCompile>
		<ClCompile Include="Assets\Script\TestTreeBehavior.cpp">
			<Filter>Script\ScriptClass\Test</Filter>
		</ClCompile>
		<ClCompile Include="Assets\Script\GameManager.cpp">
			<Filter>Script\ScriptClass\Manager</Filter>
		</ClCompile>
		<ClCompile Include="Assets\Script\EventManager.cpp">
			<Filter>Script\ScriptClass\Manager</Filter>
		</ClCompile>
		<ClCompile Include="Assets\Script\TweenManager.cpp">
			<Filter>Script\ScriptClass\Manager</Filter>
		</ClCompile>
		<ClCompile Include="Assets\Script\ItemManager.cpp">
			<Filter>Script\ScriptClass\Manager</Filter>
		</ClCompile>
		<ClCompile Include="RaycastHelper.cpp">
			<Filter>Script\ScriptClass\Util</Filter>
		</ClCompile>
		<ClCompile Include="Assets\Script\MosterMeleeAni.cpp">
			<Filter>AnimationBehavior</Filter>
		</ClCompile>
		<ClCompile Include="Assets\Script\EntityEleteMonster.cpp">
			<Filter>Script\ScriptClass</Filter>
		</ClCompile>
		<ClCompile Include="Assets\Script\IllustrationMove.cpp">
			<Filter>Script\ScriptClass</Filter>
		</ClCompile>
		<ClCompile Include="Assets\Script\MonEleteProjetile.cpp">
			<Filter>Script\ScriptClass</Filter>
		</ClCompile>
		<ClCompile Include="Assets\Script\TimerTrigger.cpp">
			<Filter>Script\ScriptClass\Event</Filter>
		</ClCompile>
		<ClCompile Include="Assets\Script\BP003.cpp">
			<Filter>Script\ScriptClass</Filter>
		</ClCompile>
		<ClCompile Include="Assets\Script\ReachEventTrigger.cpp">
			<Filter>Script\ScriptClass</Filter>
		</ClCompile>
		<ClCompile Include="Assets\Script\ControllerVibration.cpp">
			<Filter>Script\ScriptClass\Bullet</Filter>
		</ClCompile>
		<ClCompile Include="Assets\Script\Entity.cpp">
			<Filter>Common\SourceFile</Filter>
		</ClCompile>
		<ClCompile Include="Assets\Script\BP001.cpp">
			<Filter>Script\ScriptClass</Filter>
		</ClCompile>
		<ClCompile Include="Assets\BehaviorTree\ConditionDecorator\IsHazadPatten.cpp">
			<Filter>BehaviorTree\ConditionDecorator</Filter>
		</ClCompile>
		<ClCompile Include="Assets\BehaviorTree\ConditionDecorator\ActionCountCheck.cpp">
			<Filter>BehaviorTree\ConditionDecorator</Filter>
		</ClCompile>
		<ClCompile Include="Assets\BehaviorTree\Action\BP0011.cpp">
			<Filter>BehaviorTree\Action</Filter>
		</ClCompile>
		<ClCompile Include="Assets\BehaviorTree\Action\BP0012.cpp">
			<Filter>BehaviorTree\Action</Filter>
		</ClCompile>
		<ClCompile Include="Assets\BehaviorTree\Action\BP0021.cpp">
			<Filter>BehaviorTree\Action</Filter>
		</ClCompile>
		<ClCompile Include="Assets\BehaviorTree\Action\BP0022.cpp">
			<Filter>BehaviorTree\Action</Filter>
		</ClCompile>
		<ClCompile Include="Assets\BehaviorTree\Action\BP0013.cpp">
			<Filter>BehaviorTree\Action</Filter>
		</ClCompile>
		<ClCompile Include="Assets\BehaviorTree\Action\BP0014.cpp">
			<Filter>BehaviorTree\Action</Filter>
		</ClCompile>
		<ClCompile Include="Assets\BehaviorTree\Action\BurrowMove.cpp">
			<Filter>BehaviorTree\Action</Filter>
		</ClCompile>
		<ClCompile Include="Assets\Script\ImageButton.cpp">
			<Filter>Script\ScriptClass\Util</Filter>
		</ClCompile>
		<ClCompile Include="Assets\Script\CreditsButton.cpp">
			<Filter>Script\ScriptClass\UI\TitleScreen</Filter>
		</ClCompile>
		<ClCompile Include="Assets\Script\ExitButton.cpp">
			<Filter>Script\ScriptClass\UI\TitleScreen</Filter>
		</ClCompile>
		<ClCompile Include="Assets\Script\SettingButton.cpp">
			<Filter>Script\ScriptClass\UI\TitleScreen</Filter>
		</ClCompile>
		<ClCompile Include="Assets\Script\TutorialButton.cpp">
			<Filter>Script\ScriptClass\UI\TitleScreen</Filter>
		</ClCompile>
		<ClCompile Include="Assets\Script\HPBar.cpp">
			<Filter>Script\ScriptClass\UI\InGameUI</Filter>
		</ClCompile>
		<ClCompile Include="Assets\Script\ItemPopup.cpp">
			<Filter>Script\ScriptClass\UI\InGameUI</Filter>
		</ClCompile>
		<ClCompile Include="Assets\Script\ItemUIIcon.cpp">
			<Filter>Script\ScriptClass\UI\InGameUI</Filter>
		</ClCompile>
		<ClCompile Include="Assets\Script\ItemUIPopup.cpp">
			<Filter>Script\ScriptClass\UI\InGameUI</Filter>
		</ClCompile>
		<ClCompile Include="Assets\Script\BootstrapObserver.cpp">
			<Filter>Script\ScriptClass\UI\TitleScreen</Filter>
		</ClCompile>
		<ClCompile Include="Assets\Script\LoadingController.cpp">
			<Filter>Script\ScriptClass\UI\LoadingScreen</Filter>
		</ClCompile>
		<ClCompile Include="Assets\Script\SwitchingSceneTrigger.cpp">
			<Filter>Script\ScriptClass\UI\LoadingScreen</Filter>
		</ClCompile>
		<ClCompile Include="Assets\Script\WeaponSlotDurFont.cpp">
			<Filter>Script\ScriptClass\UI\InGameUI</Filter>
		</ClCompile>
		<ClCompile Include="Assets\Script\UIGageTest.cpp">
			<Filter>Script\ScriptClass\UI\InGameUI</Filter>
		</ClCompile>
		<ClCompile Include="Assets\Script\PlayEffectAll.cpp">
			<Filter>Script\ScriptClass\Effect</Filter>
		</ClCompile>
		<ClCompile Include="Assets\Script\SlashEffect.cpp">
			<Filter>Script\ScriptClass\Effect</Filter>
		</ClCompile>
		<ClCompile Include="Assets\Script\SwordHitEffect.cpp">
			<Filter>Script\ScriptClass\Effect</Filter>
		</ClCompile>
		<ClCompile Include="Assets\Script\SwordProjectileEffect.cpp">
			<Filter>Script\ScriptClass\Effect</Filter>
		</ClCompile>
		<ClCompile Include="Assets\Script\SFXPoolManager.cpp">
			<Filter>Script\ScriptClass\Manager</Filter>
		</ClCompile>
		<ClCompile Include="Assets\Script\ObjectPoolManager.cpp">
			<Filter>Script\ScriptClass\Manager</Filter>
		</ClCompile>
		<ClCompile Include="Assets\Script\EntityMonsterTower.cpp">
			<Filter>Script\ScriptClass\Enemy</Filter>
		</ClCompile>
		<ClCompile Include="Assets\Script\EntityMonsterBaseGate.cpp">
			<Filter>Script\ScriptClass\Enemy</Filter>
		</ClCompile>
		<ClCompile Include="Assets\Script\ImageSlideshow.cpp">
			<Filter>Script\ScriptClass\UI\TitleScreen</Filter>
		</ClCompile>
		<ClCompile Include="Assets\Script\SoundBarUI.cpp">
			<Filter>Script\ScriptClass\UI\TitleScreen</Filter>
		</ClCompile>
		<ClCompile Include="Assets\Script\WeaponSlotController.cpp">
			<Filter>Script\ScriptClass\UI\InGameUI</Filter>
		</ClCompile>
		<ClCompile Include="Assets\Script\WeaponSlot.cpp">
			<Filter>Script\ScriptClass\UI\InGameUI</Filter>
		</ClCompile>
		<ClCompile Include="Assets\Script\ViveSwitchUI.cpp">
			<Filter>Script\ScriptClass\UI\TitleScreen</Filter>
		</ClCompile>
		<ClCompile Include="Assets\Script\EventSelector.cpp">
			<Filter>Script\ScriptClass\UI\InGameUI</Filter>
		</ClCompile>
		<ClCompile Include="Assets\Script\PlayerAttackAH.cpp">
			<Filter>AnimationBehavior</Filter>
		</ClCompile>
		<ClCompile Include="Assets\Script\PlayerBombAttack.cpp">
			<Filter>AnimationBehavior</Filter>
		</ClCompile>
		<ClCompile Include="Assets\Script\PlayerBombCharing.cpp">
			<Filter>AnimationBehavior</Filter>
		</ClCompile>
		<ClCompile Include="Assets\Script\PlayerDash.cpp">
			<Filter>AnimationBehavior</Filter>
		</ClCompile>
		<ClCompile Include="Assets\Script\PlayerGrab.cpp">
			<Filter>AnimationBehavior</Filter>
		</ClCompile>
		<ClCompile Include="Assets\Script\PlayerHit.cpp">
			<Filter>AnimationBehavior</Filter>
		</ClCompile>
		<ClCompile Include="Assets\Script\PlayerRangeAttack.cpp">
			<Filter>AnimationBehavior</Filter>
		</ClCompile>
		<ClCompile Include="Assets\Script\PlayerRangeAttackEnd.cpp">
			<Filter>AnimationBehavior</Filter>
		</ClCompile>
		<ClCompile Include="Assets\Script\PlayerRangeAttackReady.cpp">
			<Filter>AnimationBehavior</Filter>
		</ClCompile>
		<ClCompile Include="Assets\Script\PlayerRangeAttackSpecial.cpp">
			<Filter>AnimationBehavior</Filter>
		</ClCompile>
		<ClCompile Include="Assets\Script\PlayerStun.cpp">
			<Filter>AnimationBehavior</Filter>
		</ClCompile>
		<ClCompile Include="Assets\Script\PlayerThrow.cpp">
			<Filter>AnimationBehavior</Filter>
		</ClCompile>
		<ClCompile Include="Assets\Script\BossBurrowAni.cpp">
			<Filter>AnimationBehavior</Filter>
		</ClCompile>
		<ClCompile Include="Assets\Script\BossMeleeAni.cpp">
			<Filter>AnimationBehavior</Filter>
		</ClCompile>
		<ClCompile Include="Assets\Script\BossPopupAni.cpp">
			<Filter>AnimationBehavior</Filter>
		</ClCompile>
		<ClCompile Include="Assets\Script\BossRangedAni.cpp">
			<Filter>AnimationBehavior</Filter>
		</ClCompile>
		<ClCompile Include="Assets\Script\BossWarningAni.cpp">
			<Filter>AnimationBehavior</Filter>
		</ClCompile>
		<ClCompile Include="Assets\Script\SettingWindowUI.cpp">
			<Filter>Script\ScriptClass\UI\TitleScreen</Filter>
		</ClCompile>
		<ClCompile Include="GameInstance.cpp">
			<Filter>Script\ScriptClass</Filter>
		</ClCompile>
		<ClCompile Include="ObjectPool.cpp">
			<Filter>Script\ScriptClass</Filter>
		</ClCompile>
		<ClCompile Include="Assets\Script\SwordProjectile.cpp">
			<Filter>Script\ScriptClass</Filter>
		</ClCompile>
		<ClCompile Include="Assets\Script\TestEffect.cpp">
			<Filter>Script\ScriptClass</Filter>
		</ClCompile>
		<ClCompile Include="SoundName.cpp">
			<Filter>Script\ScriptClass</Filter>
		</ClCompile>
		<ClCompile Include="Assets\Script\PlayerSelector.cpp">
			<Filter>Script\ScriptClass\UI\CharSelectScreen</Filter>
		</ClCompile>
		<ClCompile Include="Assets\Script\SelectTimer.cpp">
			<Filter>Script\ScriptClass\UI\CharSelectScreen</Filter>
		</ClCompile>
		<ClCompile Include="Assets\Script\StartButton.cpp">
			<Filter>Script\ScriptClass\UI\TitleScreen</Filter>
		</ClCompile>
		<ClCompile Include="Assets\Script\RewardObserver.cpp">
			<Filter>Script\ScriptClass\UI\InGameUI</Filter>
		</ClCompile>
		<ClCompile Include="Assets\Script\InputDeviceDetector.cpp">
			<Filter>Script\ScriptClass\UI\CharSelectScreen</Filter>
		</ClCompile>
		<ClCompile Include="Assets\Script\MovingUILayer.cpp">
			<Filter>Script\ScriptClass\UI\TitleScreen</Filter>
		</ClCompile>
		<ClCompile Include="Assets\Script\SceneTransitionUI.cpp">
			<Filter>Script\ScriptClass</Filter>
		</ClCompile>
		<ClCompile Include="Assets\Script\BossBomb.cpp">
			<Filter>Script\ScriptClass</Filter>
		</ClCompile>
		<ClCompile Include="Assets\Script\MobSpawnerBound.cpp">
			<Filter>Script\ScriptClass</Filter>
		</ClCompile>
		<ClCompile Include="Assets\Script\RestartButton.cpp">
			<Filter>Script\ScriptClass</Filter>
		</ClCompile>
		<ClCompile Include="Assets\Script\ReturnMainScene.cpp">
			<Filter>Script\ScriptClass</Filter>
		</ClCompile>
		<ClCompile Include="Assets\Script\MenuKeyObserver.cpp">
			<Filter>Script\ScriptClass</Filter>
		</ClCompile>
		<ClCompile Include="Assets\Script\KoriEmoteSystem.cpp">
			<Filter>Script\ScriptClass</Filter>
		</ClCompile>
		<ClCompile Include="Assets\Script\PauseMenuButton.cpp">
			<Filter>Script\ScriptClass</Filter>
		</ClCompile>
		<ClCompile Include="Assets\Script\BGMController.cpp">
			<Filter>Script\ScriptClass</Filter>
		</ClCompile>
		<ClCompile Include="Assets\Script\GateBarrier.cpp">
			<Filter>Script\ScriptClass</Filter>
		</ClCompile>
		<ClCompile Include="Assets\Script\ExitPauseButton.cpp">
			<Filter>Script\ScriptClass</Filter>
		</ClCompile>
		<ClCompile Include="Assets\Script\ClearPortal.cpp">
			<Filter>Script\ScriptClass</Filter>
		</ClCompile>
		<ClCompile Include="Assets\Script\PortalTrigger.cpp">
			<Filter>Script\ScriptClass</Filter>
		</ClCompile>
		<ClCompile Include="Assets\Script\BossHPBar.cpp">
			<Filter>Script\ScriptClass</Filter>
		</ClCompile>
		<ClCompile Include="Assets\Script\SceneTag.cpp">
			<Filter>Script\ScriptClass</Filter>
		</ClCompile>
		<ClCompile Include="Assets\Script\BGMChangeTrigger.cpp">
			<Filter>Script\ScriptClass</Filter>
		</ClCompile>
		<ClCompile Include="Assets\Script\BGMAmbienceController.cpp">
			<Filter>Script\ScriptClass</Filter>
		</ClCompile>
	</ItemGroup>
</Project>
